
Microsoft Visual Studio Solution File, Format Version 12.00
# Visual Studio 15
VisualStudioVersion = 15.0.28010.2046
MinimumVisualStudioVersion = 10.0.40219.1
Project("{FAE04EC0-301F-11D3-BF4B-00C04F79EFBC}") = "TwitterCrawler", "TwitterCrawler.csproj", "{75F0A873-0430-45B1-9657-D7A2FB322323}"
EndProject
Global
	GlobalSection(SolutionConfigurationPlatforms) = preSolution
		Debug|Any CPU = Debug|Any CPU
		Release|Any CPU = Release|Any CPU
	EndGlobalSection
	GlobalSection(ProjectConfigurationPlatforms) = postSolution
		{75F0A873-0430-45B1-9657-D7A2FB322323}.Debug|Any CPU.ActiveCfg = Debug|Any CPU
		{75F0A873-0430-45B1-9657-D7A2FB322323}.Debug|Any CPU.Build.0 = Debug|Any CPU
		{75F0A873-0430-45B1-9657-D7A2FB322323}.Release|Any CPU.ActiveCfg = Release|Any CPU
		{75F0A873-0430-45B1-9657-D7A2FB322323}.Release|Any CPU.Build.0 = Release|Any CPU
	EndGlobalSection
	GlobalSection(SolutionProperties) = preSolution
		HideSolutionNode = FALSE
	EndGlobalSection
	GlobalSection(ExtensibilityGlobals) = postSolution
		SolutionGuid = {CE2E8813-27CF-493A-B1E5-1971BEB54A76}
	EndGlobalSection
EndGlobal
